
Microsoft Visual Studio Solution File, Format Version 12.00
# Visual Studio Version 16
VisualStudioVersion = 16.0.30114.105
MinimumVisualStudioVersion = 10.0.40219.1
Project("{2150E333-8FDC-42A3-9474-1A3956D46DE8}") = "Business", "Business", "{DB90B1B1-0FE7-401E-85C4-14B7A31F8B2C}"
EndProject
Project("{FAE04EC0-301F-11D3-BF4B-00C04F79EFBC}") = "Core", "Business\Core\Core.csproj", "{94B958CD-C60C-4BF2-9C50-545C64E4703E}"
EndProject
Project("{FAE04EC0-301F-11D3-BF4B-00C04F79EFBC}") = "Conductors", "Business\Conductors\Conductors.csproj", "{DB52779F-612F-4520-903E-F8B4FE48AC25}"
EndProject
Project("{2150E333-8FDC-42A3-9474-1A3956D46DE8}") = "Infrastructure", "Infrastructure", "{6ECB6B1B-EA74-4E56-AFF2-D9725CFEAD61}"
EndProject
Project("{FAE04EC0-301F-11D3-BF4B-00C04F79EFBC}") = "Data.ExternalUsers", "Infrastructure\Data.ExternalUsers\Data.ExternalUsers.csproj", "{00F520CE-0AA3-47C1-9AD7-9BBDD01FABC6}"
EndProject
Project("{FAE04EC0-301F-11D3-BF4B-00C04F79EFBC}") = "Data.PostgreSql", "Infrastructure\Data.PostgreSQL\Data.PostgreSql.csproj", "{39C4BA05-789C-4C5C-9C72-EDA88729092E}"
EndProject
Project("{2150E333-8FDC-42A3-9474-1A3956D46DE8}") = "Presentation", "Presentation", "{4F5EE5E8-E3D4-4801-9585-F5C00C3FA7E0}"
EndProject
Project("{FAE04EC0-301F-11D3-BF4B-00C04F79EFBC}") = "Web", "Presentation\Web\Web.csproj", "{BCA587AF-080E-45BA-B68F-A2C503559000}"
EndProject
Project("{2150E333-8FDC-42A3-9474-1A3956D46DE8}") = "Tests", "Tests", "{41A8094B-4B55-49CB-B7F8-795AEDCED3F6}"
EndProject
Project("{2150E333-8FDC-42A3-9474-1A3956D46DE8}") = "Business", "Business", "{F4E2AAF6-B53F-4A7C-B74A-4868DC2FB321}"
EndProject
Project("{FAE04EC0-301F-11D3-BF4B-00C04F79EFBC}") = "Core.Tests", "Tests\Business\Core.Tests\Core.Tests.csproj", "{0954CD76-4665-45BE-ABB4-ABE57FFA57BB}"
EndProject
Project("{FAE04EC0-301F-11D3-BF4B-00C04F79EFBC}") = "Conductors.Tests", "Tests\Business\Conductors.Tests\Conductors.Tests.csproj", "{E9B84217-FA5E-47CA-996C-D5350A3B2E90}"
EndProject
Project("{2150E333-8FDC-42A3-9474-1A3956D46DE8}") = "Infrastructure", "Infrastructure", "{3950DD60-CEFF-4AAB-B083-DB9F2C76FB07}"
EndProject
Project("{FAE04EC0-301F-11D3-BF4B-00C04F79EFBC}") = "Data.PostgreSql.Tests", "Tests\Infrastructure\Data.PostgreSql.Tests\Data.PostgreSql.Tests.csproj", "{415729E4-4A5B-4B05-B305-9833BE05AA9C}"
EndProject
Project("{2150E333-8FDC-42A3-9474-1A3956D46DE8}") = "Presentation", "Presentation", "{E1A832BE-9A57-43A5-B1CE-B5E5FA79FD1B}"
EndProject
Project("{FAE04EC0-301F-11D3-BF4B-00C04F79EFBC}") = "Web.Tests", "Tests\Presentation\Web.Tests\Web.Tests.csproj", "{6F33AC42-839D-40C1-932A-C4E5F6463336}"
EndProject
Project("{FAE04EC0-301F-11D3-BF4B-00C04F79EFBC}") = "Testing", "Tests\Testing\Testing.csproj", "{0A9E4546-0A8D-40E0-B66E-040E82BE98D9}"
EndProject
Global
	GlobalSection(SolutionConfigurationPlatforms) = preSolution
		Debug|Any CPU = Debug|Any CPU
		Release|Any CPU = Release|Any CPU
	EndGlobalSection
	GlobalSection(SolutionProperties) = preSolution
		HideSolutionNode = FALSE
	EndGlobalSection
	GlobalSection(ProjectConfigurationPlatforms) = postSolution
		{94B958CD-C60C-4BF2-9C50-545C64E4703E}.Debug|Any CPU.ActiveCfg = Debug|Any CPU
		{94B958CD-C60C-4BF2-9C50-545C64E4703E}.Debug|Any CPU.Build.0 = Debug|Any CPU
		{94B958CD-C60C-4BF2-9C50-545C64E4703E}.Release|Any CPU.ActiveCfg = Release|Any CPU
		{94B958CD-C60C-4BF2-9C50-545C64E4703E}.Release|Any CPU.Build.0 = Release|Any CPU
		{DB52779F-612F-4520-903E-F8B4FE48AC25}.Debug|Any CPU.ActiveCfg = Debug|Any CPU
		{DB52779F-612F-4520-903E-F8B4FE48AC25}.Debug|Any CPU.Build.0 = Debug|Any CPU
		{DB52779F-612F-4520-903E-F8B4FE48AC25}.Release|Any CPU.ActiveCfg = Release|Any CPU
		{DB52779F-612F-4520-903E-F8B4FE48AC25}.Release|Any CPU.Build.0 = Release|Any CPU
		{00F520CE-0AA3-47C1-9AD7-9BBDD01FABC6}.Debug|Any CPU.ActiveCfg = Debug|Any CPU
		{00F520CE-0AA3-47C1-9AD7-9BBDD01FABC6}.Debug|Any CPU.Build.0 = Debug|Any CPU
		{00F520CE-0AA3-47C1-9AD7-9BBDD01FABC6}.Release|Any CPU.ActiveCfg = Release|Any CPU
		{00F520CE-0AA3-47C1-9AD7-9BBDD01FABC6}.Release|Any CPU.Build.0 = Release|Any CPU
		{39C4BA05-789C-4C5C-9C72-EDA88729092E}.Debug|Any CPU.ActiveCfg = Debug|Any CPU
		{39C4BA05-789C-4C5C-9C72-EDA88729092E}.Debug|Any CPU.Build.0 = Debug|Any CPU
		{39C4BA05-789C-4C5C-9C72-EDA88729092E}.Release|Any CPU.ActiveCfg = Release|Any CPU
		{39C4BA05-789C-4C5C-9C72-EDA88729092E}.Release|Any CPU.Build.0 = Release|Any CPU
		{BCA587AF-080E-45BA-B68F-A2C503559000}.Debug|Any CPU.ActiveCfg = Debug|Any CPU
		{BCA587AF-080E-45BA-B68F-A2C503559000}.Debug|Any CPU.Build.0 = Debug|Any CPU
		{BCA587AF-080E-45BA-B68F-A2C503559000}.Release|Any CPU.ActiveCfg = Release|Any CPU
		{BCA587AF-080E-45BA-B68F-A2C503559000}.Release|Any CPU.Build.0 = Release|Any CPU
		{0954CD76-4665-45BE-ABB4-ABE57FFA57BB}.Debug|Any CPU.ActiveCfg = Debug|Any CPU
		{0954CD76-4665-45BE-ABB4-ABE57FFA57BB}.Debug|Any CPU.Build.0 = Debug|Any CPU
		{0954CD76-4665-45BE-ABB4-ABE57FFA57BB}.Release|Any CPU.ActiveCfg = Release|Any CPU
		{0954CD76-4665-45BE-ABB4-ABE57FFA57BB}.Release|Any CPU.Build.0 = Release|Any CPU
		{E9B84217-FA5E-47CA-996C-D5350A3B2E90}.Debug|Any CPU.ActiveCfg = Debug|Any CPU
		{E9B84217-FA5E-47CA-996C-D5350A3B2E90}.Debug|Any CPU.Build.0 = Debug|Any CPU
		{E9B84217-FA5E-47CA-996C-D5350A3B2E90}.Release|Any CPU.ActiveCfg = Release|Any CPU
		{E9B84217-FA5E-47CA-996C-D5350A3B2E90}.Release|Any CPU.Build.0 = Release|Any CPU
		{415729E4-4A5B-4B05-B305-9833BE05AA9C}.Debug|Any CPU.ActiveCfg = Debug|Any CPU
		{415729E4-4A5B-4B05-B305-9833BE05AA9C}.Debug|Any CPU.Build.0 = Debug|Any CPU
		{415729E4-4A5B-4B05-B305-9833BE05AA9C}.Release|Any CPU.ActiveCfg = Release|Any CPU
		{415729E4-4A5B-4B05-B305-9833BE05AA9C}.Release|Any CPU.Build.0 = Release|Any CPU
		{6F33AC42-839D-40C1-932A-C4E5F6463336}.Debug|Any CPU.ActiveCfg = Debug|Any CPU
		{6F33AC42-839D-40C1-932A-C4E5F6463336}.Debug|Any CPU.Build.0 = Debug|Any CPU
		{6F33AC42-839D-40C1-932A-C4E5F6463336}.Release|Any CPU.ActiveCfg = Release|Any CPU
		{6F33AC42-839D-40C1-932A-C4E5F6463336}.Release|Any CPU.Build.0 = Release|Any CPU
		{0A9E4546-0A8D-40E0-B66E-040E82BE98D9}.Debug|Any CPU.ActiveCfg = Debug|Any CPU
		{0A9E4546-0A8D-40E0-B66E-040E82BE98D9}.Debug|Any CPU.Build.0 = Debug|Any CPU
		{0A9E4546-0A8D-40E0-B66E-040E82BE98D9}.Release|Any CPU.ActiveCfg = Release|Any CPU
		{0A9E4546-0A8D-40E0-B66E-040E82BE98D9}.Release|Any CPU.Build.0 = Release|Any CPU
	EndGlobalSection
	GlobalSection(NestedProjects) = preSolution
		{94B958CD-C60C-4BF2-9C50-545C64E4703E} = {DB90B1B1-0FE7-401E-85C4-14B7A31F8B2C}
		{DB52779F-612F-4520-903E-F8B4FE48AC25} = {DB90B1B1-0FE7-401E-85C4-14B7A31F8B2C}
		{00F520CE-0AA3-47C1-9AD7-9BBDD01FABC6} = {6ECB6B1B-EA74-4E56-AFF2-D9725CFEAD61}
		{39C4BA05-789C-4C5C-9C72-EDA88729092E} = {6ECB6B1B-EA74-4E56-AFF2-D9725CFEAD61}
		{BCA587AF-080E-45BA-B68F-A2C503559000} = {4F5EE5E8-E3D4-4801-9585-F5C00C3FA7E0}
		{F4E2AAF6-B53F-4A7C-B74A-4868DC2FB321} = {41A8094B-4B55-49CB-B7F8-795AEDCED3F6}
		{0954CD76-4665-45BE-ABB4-ABE57FFA57BB} = {F4E2AAF6-B53F-4A7C-B74A-4868DC2FB321}
		{E9B84217-FA5E-47CA-996C-D5350A3B2E90} = {F4E2AAF6-B53F-4A7C-B74A-4868DC2FB321}
		{3950DD60-CEFF-4AAB-B083-DB9F2C76FB07} = {41A8094B-4B55-49CB-B7F8-795AEDCED3F6}
		{415729E4-4A5B-4B05-B305-9833BE05AA9C} = {3950DD60-CEFF-4AAB-B083-DB9F2C76FB07}
		{E1A832BE-9A57-43A5-B1CE-B5E5FA79FD1B} = {41A8094B-4B55-49CB-B7F8-795AEDCED3F6}
		{6F33AC42-839D-40C1-932A-C4E5F6463336} = {E1A832BE-9A57-43A5-B1CE-B5E5FA79FD1B}
		{0A9E4546-0A8D-40E0-B66E-040E82BE98D9} = {41A8094B-4B55-49CB-B7F8-795AEDCED3F6}
	EndGlobalSection
EndGlobal
