
Microsoft Visual Studio Solution File, Format Version 12.00
# Visual Studio Version 16
VisualStudioVersion = 16.0.30114.105
MinimumVisualStudioVersion = 10.0.40219.1
Project("{2150E333-8FDC-42A3-9474-1A3956D46DE8}") = "Presentation", "Presentation", "{47CEB787-1783-4A7F-9B91-C290601D0CC9}"
EndProject
Project("{FAE04EC0-301F-11D3-BF4B-00C04F79EFBC}") = "Web", "Presentation\Web\Web.csproj", "{AB20D4DA-B7A2-43C5-8963-90758A6F3F87}"
EndProject
Project("{2150E333-8FDC-42A3-9474-1A3956D46DE8}") = "Infrastructure", "Infrastructure", "{43BA60B4-EE46-40CD-BD01-0D7E1EEDA4A1}"
EndProject
Project("{FAE04EC0-301F-11D3-BF4B-00C04F79EFBC}") = "Data.Mockaroo", "Infrastructure\Data.Mockaroo\Data.Mockaroo.csproj", "{2525ADCA-1C6E-4708-A961-BC5A672C6D96}"
EndProject
Project("{2150E333-8FDC-42A3-9474-1A3956D46DE8}") = "Business", "Business", "{B71342FE-93D2-48F7-8E2C-43CD3044073E}"
EndProject
Project("{FAE04EC0-301F-11D3-BF4B-00C04F79EFBC}") = "Core", "Business\Core\Core.csproj", "{4C23F446-FF88-40A9-BB53-AD8896E11FCA}"
EndProject
Project("{2150E333-8FDC-42A3-9474-1A3956D46DE8}") = "Tests", "Tests", "{F5489367-F8FD-4936-B39B-6A5D4116ADE1}"
EndProject
Project("{2150E333-8FDC-42A3-9474-1A3956D46DE8}") = "Infrastructure", "Infrastructure", "{7D10C9F7-2209-422B-B467-F3AB84C0DA29}"
EndProject
Project("{FAE04EC0-301F-11D3-BF4B-00C04F79EFBC}") = "Data.Mockaroo.Tests", "Tests\Infrastructure\Data.Mockaroo.Tests\Data.Mockaroo.Tests.csproj", "{C4C20987-D9D7-4A4C-A2E7-EB6F84F3E4CF}"
EndProject
Project("{FAE04EC0-301F-11D3-BF4B-00C04F79EFBC}") = "Conductors", "Business\Conductors\Conductors.csproj", "{05875F79-0339-4764-AE26-C277F8498FA5}"
EndProject
Global
	GlobalSection(SolutionConfigurationPlatforms) = preSolution
		Debug|Any CPU = Debug|Any CPU
		Release|Any CPU = Release|Any CPU
	EndGlobalSection
	GlobalSection(SolutionProperties) = preSolution
		HideSolutionNode = FALSE
	EndGlobalSection
	GlobalSection(ProjectConfigurationPlatforms) = postSolution
		{AB20D4DA-B7A2-43C5-8963-90758A6F3F87}.Debug|Any CPU.ActiveCfg = Debug|Any CPU
		{AB20D4DA-B7A2-43C5-8963-90758A6F3F87}.Debug|Any CPU.Build.0 = Debug|Any CPU
		{AB20D4DA-B7A2-43C5-8963-90758A6F3F87}.Release|Any CPU.ActiveCfg = Release|Any CPU
		{AB20D4DA-B7A2-43C5-8963-90758A6F3F87}.Release|Any CPU.Build.0 = Release|Any CPU
		{2525ADCA-1C6E-4708-A961-BC5A672C6D96}.Debug|Any CPU.ActiveCfg = Debug|Any CPU
		{2525ADCA-1C6E-4708-A961-BC5A672C6D96}.Debug|Any CPU.Build.0 = Debug|Any CPU
		{2525ADCA-1C6E-4708-A961-BC5A672C6D96}.Release|Any CPU.ActiveCfg = Release|Any CPU
		{2525ADCA-1C6E-4708-A961-BC5A672C6D96}.Release|Any CPU.Build.0 = Release|Any CPU
		{4C23F446-FF88-40A9-BB53-AD8896E11FCA}.Debug|Any CPU.ActiveCfg = Debug|Any CPU
		{4C23F446-FF88-40A9-BB53-AD8896E11FCA}.Debug|Any CPU.Build.0 = Debug|Any CPU
		{4C23F446-FF88-40A9-BB53-AD8896E11FCA}.Release|Any CPU.ActiveCfg = Release|Any CPU
		{4C23F446-FF88-40A9-BB53-AD8896E11FCA}.Release|Any CPU.Build.0 = Release|Any CPU
		{C4C20987-D9D7-4A4C-A2E7-EB6F84F3E4CF}.Debug|Any CPU.ActiveCfg = Debug|Any CPU
		{C4C20987-D9D7-4A4C-A2E7-EB6F84F3E4CF}.Debug|Any CPU.Build.0 = Debug|Any CPU
		{C4C20987-D9D7-4A4C-A2E7-EB6F84F3E4CF}.Release|Any CPU.ActiveCfg = Release|Any CPU
		{C4C20987-D9D7-4A4C-A2E7-EB6F84F3E4CF}.Release|Any CPU.Build.0 = Release|Any CPU
		{05875F79-0339-4764-AE26-C277F8498FA5}.Debug|Any CPU.ActiveCfg = Debug|Any CPU
		{05875F79-0339-4764-AE26-C277F8498FA5}.Debug|Any CPU.Build.0 = Debug|Any CPU
		{05875F79-0339-4764-AE26-C277F8498FA5}.Release|Any CPU.ActiveCfg = Release|Any CPU
		{05875F79-0339-4764-AE26-C277F8498FA5}.Release|Any CPU.Build.0 = Release|Any CPU
	EndGlobalSection
	GlobalSection(NestedProjects) = preSolution
		{AB20D4DA-B7A2-43C5-8963-90758A6F3F87} = {47CEB787-1783-4A7F-9B91-C290601D0CC9}
		{2525ADCA-1C6E-4708-A961-BC5A672C6D96} = {43BA60B4-EE46-40CD-BD01-0D7E1EEDA4A1}
		{4C23F446-FF88-40A9-BB53-AD8896E11FCA} = {B71342FE-93D2-48F7-8E2C-43CD3044073E}
		{7D10C9F7-2209-422B-B467-F3AB84C0DA29} = {F5489367-F8FD-4936-B39B-6A5D4116ADE1}
		{C4C20987-D9D7-4A4C-A2E7-EB6F84F3E4CF} = {7D10C9F7-2209-422B-B467-F3AB84C0DA29}
		{05875F79-0339-4764-AE26-C277F8498FA5} = {B71342FE-93D2-48F7-8E2C-43CD3044073E}
	EndGlobalSection
EndGlobal
